
Microsoft Visual Studio Solution File, Format Version 12.00
# Visual Studio Version 17
Project("{8BC9CEB8-8B4A-11D0-8D11-00A0C91BC942}") = "ALL_BUILD", "ALL_BUILD.vcxproj", "{1227775B-FB24-3893-B979-0B96483FDEC8}"
	ProjectSection(ProjectDependencies) = postProject
		{3FDD49DB-C18C-3171-ADCB-186EB6224348} = {3FDD49DB-C18C-3171-ADCB-186EB6224348}
		{4BDEAE86-FDEC-3161-BF2D-DE5285C786CF} = {4BDEAE86-FDEC-3161-BF2D-DE5285C786CF}
	EndProjectSection
EndProject
Project("{8BC9CEB8-8B4A-11D0-8D11-00A0C91BC942}") = "PingPong", "PingPong.vcxproj", "{3FDD49DB-C18C-3171-ADCB-186EB6224348}"
	ProjectSection(ProjectDependencies) = postProject
		{4BDEAE86-FDEC-3161-BF2D-DE5285C786CF} = {4BDEAE86-FDEC-3161-BF2D-DE5285C786CF}
	EndProjectSection
EndProject
Project("{8BC9CEB8-8B4A-11D0-8D11-00A0C91BC942}") = "ZERO_CHECK", "ZERO_CHECK.vcxproj", "{4BDEAE86-FDEC-3161-BF2D-DE5285C786CF}"
	ProjectSection(ProjectDependencies) = postProject
	EndProjectSection
EndProject
Global
	GlobalSection(SolutionConfigurationPlatforms) = preSolution
		Debug|x64 = Debug|x64
		Release|x64 = Release|x64
		MinSizeRel|x64 = MinSizeRel|x64
		RelWithDebInfo|x64 = RelWithDebInfo|x64
	EndGlobalSection
	GlobalSection(ProjectConfigurationPlatforms) = postSolution
		{1227775B-FB24-3893-B979-0B96483FDEC8}.Debug|x64.ActiveCfg = Debug|x64
		{1227775B-FB24-3893-B979-0B96483FDEC8}.Release|x64.ActiveCfg = Release|x64
		{1227775B-FB24-3893-B979-0B96483FDEC8}.MinSizeRel|x64.ActiveCfg = MinSizeRel|x64
		{1227775B-FB24-3893-B979-0B96483FDEC8}.RelWithDebInfo|x64.ActiveCfg = RelWithDebInfo|x64
		{3FDD49DB-C18C-3171-ADCB-186EB6224348}.Debug|x64.ActiveCfg = Debug|x64
		{3FDD49DB-C18C-3171-ADCB-186EB6224348}.Debug|x64.Build.0 = Debug|x64
		{3FDD49DB-C18C-3171-ADCB-186EB6224348}.Release|x64.ActiveCfg = Release|x64
		{3FDD49DB-C18C-3171-ADCB-186EB6224348}.Release|x64.Build.0 = Release|x64
		{3FDD49DB-C18C-3171-ADCB-186EB6224348}.MinSizeRel|x64.ActiveCfg = MinSizeRel|x64
		{3FDD49DB-C18C-3171-ADCB-186EB6224348}.MinSizeRel|x64.Build.0 = MinSizeRel|x64
		{3FDD49DB-C18C-3171-ADCB-186EB6224348}.RelWithDebInfo|x64.ActiveCfg = RelWithDebInfo|x64
		{3FDD49DB-C18C-3171-ADCB-186EB6224348}.RelWithDebInfo|x64.Build.0 = RelWithDebInfo|x64
		{4BDEAE86-FDEC-3161-BF2D-DE5285C786CF}.Debug|x64.ActiveCfg = Debug|x64
		{4BDEAE86-FDEC-3161-BF2D-DE5285C786CF}.Debug|x64.Build.0 = Debug|x64
		{4BDEAE86-FDEC-3161-BF2D-DE5285C786CF}.Release|x64.ActiveCfg = Release|x64
		{4BDEAE86-FDEC-3161-BF2D-DE5285C786CF}.Release|x64.Build.0 = Release|x64
		{4BDEAE86-FDEC-3161-BF2D-DE5285C786CF}.MinSizeRel|x64.ActiveCfg = MinSizeRel|x64
		{4BDEAE86-FDEC-3161-BF2D-DE5285C786CF}.MinSizeRel|x64.Build.0 = MinSizeRel|x64
		{4BDEAE86-FDEC-3161-BF2D-DE5285C786CF}.RelWithDebInfo|x64.ActiveCfg = RelWithDebInfo|x64
		{4BDEAE86-FDEC-3161-BF2D-DE5285C786CF}.RelWithDebInfo|x64.Build.0 = RelWithDebInfo|x64
	EndGlobalSection
	GlobalSection(ExtensibilityGlobals) = postSolution
		SolutionGuid = {FBEF8ADE-76B9-37D4-8DE5-A1BEE1908255}
	EndGlobalSection
	GlobalSection(ExtensibilityAddIns) = postSolution
	EndGlobalSection
EndGlobal
